// !$*UTF8*$!
{
	archiveVersion = 1;
	classes = {
	};
	objectVersion = 55;
	objects = {

/* Begin PBXBuildFile section */
		033F041A9BB6BB158934762D /* Pods_SwitchAnimate.framework in Frameworks */ = {isa = PBXBuildFile; fileRef = 382201F5F00E1E147DC7CD17 /* Pods_SwitchAnimate.framework */; };
		954DD44C27FC821000225888 /* AppDelegate.swift in Sources */ = {isa = PBXBuildFile; fileRef = 954DD44B27FC821000225888 /* AppDelegate.swift */; };
		954DD44E27FC821000225888 /* SceneDelegate.swift in Sources */ = {isa = PBXBuildFile; fileRef = 954DD44D27FC821000225888 /* SceneDelegate.swift */; };
		954DD45027FC821000225888 /* ViewController.swift in Sources */ = {isa = PBXBuildFile; fileRef = 954DD44F27FC821000225888 /* ViewController.swift */; };
		954DD45327FC821000225888 /* Main.storyboard in Resources */ = {isa = PBXBuildFile; fileRef = 954DD45127FC821000225888 /* Main.storyboard */; };
		954DD45527FC821000225888 /* Assets.xcassets in Resources */ = {isa = PBXBuildFile; fileRef = 954DD45427FC821000225888 /* Assets.xcassets */; };
		954DD45827FC821100225888 /* LaunchScreen.storyboard in Resources */ = {isa = PBXBuildFile; fileRef = 954DD45627FC821100225888 /* LaunchScreen.storyboard */; };
		954DD46027FCB3E300225888 /* Animate.swift in Sources */ = {isa = PBXBuildFile; fileRef = 954DD45F27FCB3E300225888 /* Animate.swift */; };
/* End PBXBuildFile section */

/* Begin PBXFileReference section */
		382201F5F00E1E147DC7CD17 /* Pods_SwitchAnimate.framework */ = {isa = PBXFileReference; explicitFileType = wrapper.framework; includeInIndex = 0; path = Pods_SwitchAnimate.framework; sourceTree = BUILT_PRODUCTS_DIR; };
		954DD44827FC821000225888 /* SwitchAnimate.app */ = {isa = PBXFileReference; explicitFileType = wrapper.application; includeInIndex = 0; path = SwitchAnimate.app; sourceTree = BUILT_PRODUCTS_DIR; };
		954DD44B27FC821000225888 /* AppDelegate.swift */ = {isa = PBXFileReference; lastKnownFileType = sourcecode.swift; path = AppDelegate.swift; sourceTree = "<group>"; };
		954DD44D27FC821000225888 /* SceneDelegate.swift */ = {isa = PBXFileReference; lastKnownFileType = sourcecode.swift; path = SceneDelegate.swift; sourceTree = "<group>"; };
		954DD44F27FC821000225888 /* ViewController.swift */ = {isa = PBXFileReference; lastKnownFileType = sourcecode.swift; path = ViewController.swift; sourceTree = "<group>"; };
		954DD45227FC821000225888 /* Base */ = {isa = PBXFileReference; lastKnownFileType = file.storyboard; name = Base; path = Base.lproj/Main.storyboard; sourceTree = "<group>"; };
		954DD45427FC821000225888 /* Assets.xcassets */ = {isa = PBXFileReference; lastKnownFileType = folder.assetcatalog; path = Assets.xcassets; sourceTree = "<group>"; };
		954DD45727FC821100225888 /* Base */ = {isa = PBXFileReference; lastKnownFileType = file.storyboard; name = Base; path = Base.lproj/LaunchScreen.storyboard; sourceTree = "<group>"; };
		954DD45927FC821100225888 /* Info.plist */ = {isa = PBXFileReference; lastKnownFileType = text.plist.xml; path = Info.plist; sourceTree = "<group>"; };
		954DD45F27FCB3E300225888 /* Animate.swift */ = {isa = PBXFileReference; lastKnownFileType = sourcecode.swift; path = Animate.swift; sourceTree = "<group>"; };
		CB44026F6188588066327BEE /* Pods-SwitchAnimate.release.xcconfig */ = {isa = PBXFileReference; includeInIndex = 1; lastKnownFileType = text.xcconfig; name = "Pods-SwitchAnimate.release.xcconfig"; path = "Target Support Files/Pods-SwitchAnimate/Pods-SwitchAnimate.release.xcconfig"; sourceTree = "<group>"; };
		E7290269C7BD423F7287601B /* Pods-SwitchAnimate.debug.xcconfig */ = {isa = PBXFileReference; includeInIndex = 1; lastKnownFileType = text.xcconfig; name = "Pods-SwitchAnimate.debug.xcconfig"; path = "Target Support Files/Pods-SwitchAnimate/Pods-SwitchAnimate.debug.xcconfig"; sourceTree = "<group>"; };
/* End PBXFileReference section */

/* Begin PBXFrameworksBuildPhase section */
		954DD44527FC821000225888 /* Frameworks */ = {
			isa = PBXFrameworksBuildPhase;
			buildActionMask = 2147483647;
			files = (
				033F041A9BB6BB158934762D /* Pods_SwitchAnimate.framework in Frameworks */,
			);
			runOnlyForDeploymentPostprocessing = 0;
		};
/* End PBXFrameworksBuildPhase section */

/* Begin PBXGroup section */
		6555B6B9390F2F4A7FFF30D1 /* Frameworks */ = {
			isa = PBXGroup;
			children = (
				382201F5F00E1E147DC7CD17 /* Pods_SwitchAnimate.framework */,
			);
			name = Frameworks;
			sourceTree = "<group>";
		};
		8390AE2F0FE9959291380F13 /* Pods */ = {
			isa = PBXGroup;
			children = (
				E7290269C7BD423F7287601B /* Pods-SwitchAnimate.debug.xcconfig */,
				CB44026F6188588066327BEE /* Pods-SwitchAnimate.release.xcconfig */,
			);
			path = Pods;
			sourceTree = "<group>";
		};
		954DD43F27FC821000225888 = {
			isa = PBXGroup;
			children = (
				954DD44A27FC821000225888 /* SwitchAnimate */,
				954DD44927FC821000225888 /* Products */,
				8390AE2F0FE9959291380F13 /* Pods */,
				6555B6B9390F2F4A7FFF30D1 /* Frameworks */,
			);
			sourceTree = "<group>";
		};
		954DD44927FC821000225888 /* Products */ = {
			isa = PBXGroup;
			children = (
				954DD44827FC821000225888 /* SwitchAnimate.app */,
			);
			name = Products;
			sourceTree = "<group>";
		};
		954DD44A27FC821000225888 /* SwitchAnimate */ = {
			isa = PBXGroup;
			children = (
				957C1E7527FE1CE4005E2094 /* App */,
				957C1E7927FE1D2D005E2094 /* ViewControllers */,
				957C1E7827FE1D20005E2094 /* Model */,
				957C1E7627FE1CF7005E2094 /* Storyboards */,
				957C1E7727FE1D10005E2094 /* Resources */,
			);
			path = SwitchAnimate;
			sourceTree = "<group>";
		};
		957C1E7527FE1CE4005E2094 /* App */ = {
			isa = PBXGroup;
			children = (
				954DD44B27FC821000225888 /* AppDelegate.swift */,
				954DD44D27FC821000225888 /* SceneDelegate.swift */,
				954DD45927FC821100225888 /* Info.plist */,
			);
			path = App;
			sourceTree = "<group>";
		};
		957C1E7627FE1CF7005E2094 /* Storyboards */ = {
			isa = PBXGroup;
			children = (
				954DD45127FC821000225888 /* Main.storyboard */,
				954DD45627FC821100225888 /* LaunchScreen.storyboard */,
			);
			path = Storyboards;
			sourceTree = "<group>";
		};
		957C1E7727FE1D10005E2094 /* Resources */ = {
			isa = PBXGroup;
			children = (
				954DD45427FC821000225888 /* Assets.xcassets */,
			);
			path = Resources;
			sourceTree = "<group>";
		};
		957C1E7827FE1D20005E2094 /* Model */ = {
			isa = PBXGroup;
			children = (
				954DD45F27FCB3E300225888 /* Animate.swift */,
			);
			path = Model;
			sourceTree = "<group>";
		};
		957C1E7927FE1D2D005E2094 /* ViewControllers */ = {
			isa = PBXGroup;
			children = (
				954DD44F27FC821000225888 /* ViewController.swift */,
			);
			path = ViewControllers;
			sourceTree = "<group>";
		};
/* End PBXGroup section */

/* Begin PBXNativeTarget section */
		954DD44727FC821000225888 /* SwitchAnimate */ = {
			isa = PBXNativeTarget;
			buildConfigurationList = 954DD45C27FC821100225888 /* Build configuration list for PBXNativeTarget "SwitchAnimate" */;
			buildPhases = (
				A8B38C588C5B1A092572DF89 /* [CP] Check Pods Manifest.lock */,
				954DD44427FC821000225888 /* Sources */,
				954DD44527FC821000225888 /* Frameworks */,
				954DD44627FC821000225888 /* Resources */,
				502E67154AC658C7B3A9A54D /* [CP] Embed Pods Frameworks */,
			);
			buildRules = (
			);
			dependencies = (
			);
			name = SwitchAnimate;
			productName = SwitchAnimate;
			productReference = 954DD44827FC821000225888 /* SwitchAnimate.app */;
			productType = "com.apple.product-type.application";
		};
/* End PBXNativeTarget section */

/* Begin PBXProject section */
		954DD44027FC821000225888 /* Project object */ = {
			isa = PBXProject;
			attributes = {
				BuildIndependentTargetsInParallel = 1;
				LastSwiftUpdateCheck = 1320;
				LastUpgradeCheck = 1320;
				TargetAttributes = {
					954DD44727FC821000225888 = {
						CreatedOnToolsVersion = 13.2.1;
					};
				};
			};
			buildConfigurationList = 954DD44327FC821000225888 /* Build configuration list for PBXProject "SwitchAnimate" */;
			compatibilityVersion = "Xcode 13.0";
			developmentRegion = en;
			hasScannedForEncodings = 0;
			knownRegions = (
				en,
				Base,
			);
			mainGroup = 954DD43F27FC821000225888;
			productRefGroup = 954DD44927FC821000225888 /* Products */;
			projectDirPath = "";
			projectRoot = "";
			targets = (
				954DD44727FC821000225888 /* SwitchAnimate */,
			);
		};
/* End PBXProject section */

/* Begin PBXResourcesBuildPhase section */
		954DD44627FC821000225888 /* Resources */ = {
			isa = PBXResourcesBuildPhase;
			buildActionMask = 2147483647;
			files = (
				954DD45827FC821100225888 /* LaunchScreen.storyboard in Resources */,
				954DD45527FC821000225888 /* Assets.xcassets in Resources */,
				954DD45327FC821000225888 /* Main.storyboard in Resources */,
			);
			runOnlyForDeploymentPostprocessing = 0;
		};
/* End PBXResourcesBuildPhase section */

/* Begin PBXShellScriptBuildPhase section */
		502E67154AC658C7B3A9A54D /* [CP] Embed Pods Frameworks */ = {
			isa = PBXShellScriptBuildPhase;
			buildActionMask = 2147483647;
			files = (
			);
			inputFileListPaths = (
				"${PODS_ROOT}/Target Support Files/Pods-SwitchAnimate/Pods-SwitchAnimate-frameworks-${CONFIGURATION}-input-files.xcfilelist",
			);
			name = "[CP] Embed Pods Frameworks";
			outputFileListPaths = (
				"${PODS_ROOT}/Target Support Files/Pods-SwitchAnimate/Pods-SwitchAnimate-frameworks-${CONFIGURATION}-output-files.xcfilelist",
			);
			runOnlyForDeploymentPostprocessing = 0;
			shellPath = /bin/sh;
			shellScript = "\"${PODS_ROOT}/Target Support Files/Pods-SwitchAnimate/Pods-SwitchAnimate-frameworks.sh\"\n";
			showEnvVarsInLog = 0;
		};
		A8B38C588C5B1A092572DF89 /* [CP] Check Pods Manifest.lock */ = {
			isa = PBXShellScriptBuildPhase;
			buildActionMask = 2147483647;
			files = (
			);
			inputFileListPaths = (
			);
			inputPaths = (
				"${PODS_PODFILE_DIR_PATH}/Podfile.lock",
				"${PODS_ROOT}/Manifest.lock",
			);
			name = "[CP] Check Pods Manifest.lock";
			outputFileListPaths = (
			);
			outputPaths = (
				"$(DERIVED_FILE_DIR)/Pods-SwitchAnimate-checkManifestLockResult.txt",
			);
			runOnlyForDeploymentPostprocessing = 0;
			shellPath = /bin/sh;
			shellScript = "diff \"${PODS_PODFILE_DIR_PATH}/Podfile.lock\" \"${PODS_ROOT}/Manifest.lock\" > /dev/null\nif [ $? != 0 ] ; then\n    # print error to STDERR\n    echo \"error: The sandbox is not in sync with the Podfile.lock. Run 'pod install' or update your CocoaPods installation.\" >&2\n    exit 1\nfi\n# This output is used by Xcode 'outputs' to avoid re-running this script phase.\necho \"SUCCESS\" > \"${SCRIPT_OUTPUT_FILE_0}\"\n";
			showEnvVarsInLog = 0;
		};
/* End PBXShellScriptBuildPhase section */

/* Begin PBXSourcesBuildPhase section */
		954DD44427FC821000225888 /* Sources */ = {
			isa = PBXSourcesBuildPhase;
			buildActionMask = 2147483647;
			files = (
				954DD45027FC821000225888 /* ViewController.swift in Sources */,
				954DD44C27FC821000225888 /* AppDelegate.swift in Sources */,
				954DD44E27FC821000225888 /* SceneDelegate.swift in Sources */,
				954DD46027FCB3E300225888 /* Animate.swift in Sources */,
			);
			runOnlyForDeploymentPostprocessing = 0;
		};
/* End PBXSourcesBuildPhase section */

/* Begin PBXVariantGroup section */
		954DD45127FC821000225888 /* Main.storyboard */ = {
			isa = PBXVariantGroup;
			children = (
				954DD45227FC821000225888 /* Base */,
			);
			name = Main.storyboard;
			sourceTree = "<group>";
		};
		954DD45627FC821100225888 /* LaunchScreen.storyboard */ = {
			isa = PBXVariantGroup;
			children = (
				954DD45727FC821100225888 /* Base */,
			);
			name = LaunchScreen.storyboard;
			sourceTree = "<group>";
		};
/* End PBXVariantGroup section */

/* Begin XCBuildConfiguration section */
		954DD45A27FC821100225888 /* Debug */ = {
			isa = XCBuildConfiguration;
			buildSettings = {
				ALWAYS_SEARCH_USER_PATHS = NO;
				CLANG_ANALYZER_NONNULL = YES;
				CLANG_ANALYZER_NUMBER_OBJECT_CONVERSION = YES_AGGRESSIVE;
				CLANG_CXX_LANGUAGE_STANDARD = "gnu++17";
				CLANG_CXX_LIBRARY = "libc++";
				CLANG_ENABLE_MODULES = YES;
				CLANG_ENABLE_OBJC_ARC = YES;
				CLANG_ENABLE_OBJC_WEAK = YES;
				CLANG_WARN_BLOCK_CAPTURE_AUTORELEASING = YES;
				CLANG_WARN_BOOL_CONVERSION = YES;
				CLANG_WARN_COMMA = YES;
				CLANG_WARN_CONSTANT_CONVERSION = YES;
				CLANG_WARN_DEPRECATED_OBJC_IMPLEMENTATIONS = YES;
				CLANG_WARN_DIRECT_OBJC_ISA_USAGE = YES_ERROR;
				CLANG_WARN_DOCUMENTATION_COMMENTS = YES;
				CLANG_WARN_EMPTY_BODY = YES;
				CLANG_WARN_ENUM_CONVERSION = YES;
				CLANG_WARN_INFINITE_RECURSION = YES;
				CLANG_WARN_INT_CONVERSION = YES;
				CLANG_WARN_NON_LITERAL_NULL_CONVERSION = YES;
				CLANG_WARN_OBJC_IMPLICIT_RETAIN_SELF = YES;
				CLANG_WARN_OBJC_LITERAL_CONVERSION = YES;
				CLANG_WARN_OBJC_ROOT_CLASS = YES_ERROR;
				CLANG_WARN_QUOTED_INCLUDE_IN_FRAMEWORK_HEADER = YES;
				CLANG_WARN_RANGE_LOOP_ANALYSIS = YES;
				CLANG_WARN_STRICT_PROTOTYPES = YES;
				CLANG_WARN_SUSPICIOUS_MOVE = YES;
				CLANG_WARN_UNGUARDED_AVAILABILITY = YES_AGGRESSIVE;
				CLANG_WARN_UNREACHABLE_CODE = YES;
				CLANG_WARN__DUPLICATE_METHOD_MATCH = YES;
				COPY_PHASE_STRIP = NO;
				DEBUG_INFORMATION_FORMAT = dwarf;
				ENABLE_STRICT_OBJC_MSGSEND = YES;
				ENABLE_TESTABILITY = YES;
				GCC_C_LANGUAGE_STANDARD = gnu11;
				GCC_DYNAMIC_NO_PIC = NO;
				GCC_NO_COMMON_BLOCKS = YES;
				GCC_OPTIMIZATION_LEVEL = 0;
				GCC_PREPROCESSOR_DEFINITIONS = (
					"DEBUG=1",
					"$(inherited)",
				);
				GCC_WARN_64_TO_32_BIT_CONVERSION = YES;
				GCC_WARN_ABOUT_RETURN_TYPE = YES_ERROR;
				GCC_WARN_UNDECLARED_SELECTOR = YES;
				GCC_WARN_UNINITIALIZED_AUTOS = YES_AGGRESSIVE;
				GCC_WARN_UNUSED_FUNCTION = YES;
				GCC_WARN_UNUSED_VARIABLE = YES;
				IPHONEOS_DEPLOYMENT_TARGET = 15.2;
				MTL_ENABLE_DEBUG_INFO = INCLUDE_SOURCE;
				MTL_FAST_MATH = YES;
				ONLY_ACTIVE_ARCH = YES;
				SDKROOT = iphoneos;
				SWIFT_ACTIVE_COMPILATION_CONDITIONS = DEBUG;
				SWIFT_OPTIMIZATION_LEVEL = "-Onone";
			};
			name = Debug;
		};
		954DD45B27FC821100225888 /* Release */ = {
			isa = XCBuildConfiguration;
			buildSettings = {
				ALWAYS_SEARCH_USER_PATHS = NO;
				CLANG_ANALYZER_NONNULL = YES;
				CLANG_ANALYZER_NUMBER_OBJECT_CONVERSION = YES_AGGRESSIVE;
				CLANG_CXX_LANGUAGE_STANDARD = "gnu++17";
				CLANG_CXX_LIBRARY = "libc++";
				CLANG_ENABLE_MODULES = YES;
				CLANG_ENABLE_OBJC_ARC = YES;
				CLANG_ENABLE_OBJC_WEAK = YES;
				CLANG_WARN_BLOCK_CAPTURE_AUTORELEASING = YES;
				CLANG_WARN_BOOL_CONVERSION = YES;
				CLANG_WARN_COMMA = YES;
				CLANG_WARN_CONSTANT_CONVERSION = YES;
				CLANG_WARN_DEPRECATED_OBJC_IMPLEMENTATIONS = YES;
				CLANG_WARN_DIRECT_OBJC_ISA_USAGE = YES_ERROR;
				CLANG_WARN_DOCUMENTATION_COMMENTS = YES;
				CLANG_WARN_EMPTY_BODY = YES;
				CLANG_WARN_ENUM_CONVERSION = YES;
				CLANG_WARN_INFINITE_RECURSION = YES;
				CLANG_WARN_INT_CONVERSION = YES;
				CLANG_WARN_NON_LITERAL_NULL_CONVERSION = YES;
				CLANG_WARN_OBJC_IMPLICIT_RETAIN_SELF = YES;
				CLANG_WARN_OBJC_LITERAL_CONVERSION = YES;
				CLANG_WARN_OBJC_ROOT_CLASS = YES_ERROR;
				CLANG_WARN_QUOTED_INCLUDE_IN_FRAMEWORK_HEADER = YES;
				CLANG_WARN_RANGE_LOOP_ANALYSIS = YES;
				CLANG_WARN_STRICT_PROTOTYPES = YES;
				CLANG_WARN_SUSPICIOUS_MOVE = YES;
				CLANG_WARN_UNGUARDED_AVAILABILITY = YES_AGGRESSIVE;
				CLANG_WARN_UNREACHABLE_CODE = YES;
				CLANG_WARN__DUPLICATE_METHOD_MATCH = YES;
				COPY_PHASE_STRIP = NO;
				DEBUG_INFORMATION_FORMAT = "dwarf-with-dsym";
				ENABLE_NS_ASSERTIONS = NO;
				ENABLE_STRICT_OBJC_MSGSEND = YES;
				GCC_C_LANGUAGE_STANDARD = gnu11;
				GCC_NO_COMMON_BLOCKS = YES;
				GCC_WARN_64_TO_32_BIT_CONVERSION = YES;
				GCC_WARN_ABOUT_RETURN_TYPE = YES_ERROR;
				GCC_WARN_UNDECLARED_SELECTOR = YES;
				GCC_WARN_UNINITIALIZED_AUTOS = YES_AGGRESSIVE;
				GCC_WARN_UNUSED_FUNCTION = YES;
				GCC_WARN_UNUSED_VARIABLE = YES;
				IPHONEOS_DEPLOYMENT_TARGET = 15.2;
				MTL_ENABLE_DEBUG_INFO = NO;
				MTL_FAST_MATH = YES;
				SDKROOT = iphoneos;
				SWIFT_COMPILATION_MODE = wholemodule;
				SWIFT_OPTIMIZATION_LEVEL = "-O";
				VALIDATE_PRODUCT = YES;
			};
			name = Release;
		};
		954DD45D27FC821100225888 /* Debug */ = {
			isa = XCBuildConfiguration;
			baseConfigurationReference = E7290269C7BD423F7287601B /* Pods-SwitchAnimate.debug.xcconfig */;
			buildSettings = {
				ASSETCATALOG_COMPILER_APPICON_NAME = AppIcon;
				ASSETCATALOG_COMPILER_GLOBAL_ACCENT_COLOR_NAME = AccentColor;
				CODE_SIGN_STYLE = Automatic;
				CURRENT_PROJECT_VERSION = 1;
				DEVELOPMENT_TEAM = WGB4PJQA77;
				GENERATE_INFOPLIST_FILE = YES;
				INFOPLIST_FILE = SwitchAnimate/App/Info.plist;
				INFOPLIST_KEY_UIApplicationSupportsIndirectInputEvents = YES;
				INFOPLIST_KEY_UILaunchStoryboardName = LaunchScreen;
				INFOPLIST_KEY_UIMainStoryboardFile = Main;
				INFOPLIST_KEY_UISupportedInterfaceOrientations = UIInterfaceOrientationPortrait;
				INFOPLIST_KEY_UISupportedInterfaceOrientations_iPad = "UIInterfaceOrientationPortrait UIInterfaceOrientationPortraitUpsideDown UIInterfaceOrientationLandscapeLeft UIInterfaceOrientationLandscapeRight";
				INFOPLIST_KEY_UISupportedInterfaceOrientations_iPhone = "UIInterfaceOrientationPortrait UIInterfaceOrientationLandscapeLeft UIInterfaceOrientationLandscapeRight";
				LD_RUNPATH_SEARCH_PATHS = (
					"$(inherited)",
					"@executable_path/Frameworks",
				);
				MARKETING_VERSION = 1.0;
				PRODUCT_BUNDLE_IDENTIFIER = Education.SwitchAnimate;
				PRODUCT_NAME = "$(TARGET_NAME)";
				SWIFT_EMIT_LOC_STRINGS = YES;
				SWIFT_VERSION = 5.0;
				TARGETED_DEVICE_FAMILY = 1;
			};
			name = Debug;
		};
		954DD45E27FC821100225888 /* Release */ = {
			isa = XCBuildConfiguration;
			baseConfigurationReference = CB44026F6188588066327BEE /* Pods-SwitchAnimate.release.xcconfig */;
			buildSettings = {
				ASSETCATALOG_COMPILER_APPICON_NAME = AppIcon;
				ASSETCATALOG_COMPILER_GLOBAL_ACCENT_COLOR_NAME = AccentColor;
				CODE_SIGN_STYLE = Automatic;
				CURRENT_PROJECT_VERSION = 1;
				DEVELOPMENT_TEAM = WGB4PJQA77;
				GENERATE_INFOPLIST_FILE = YES;
				INFOPLIST_FILE = SwitchAnimate/App/Info.plist;
				INFOPLIST_KEY_UIApplicationSupportsIndirectInputEvents = YES;
				INFOPLIST_KEY_UILaunchStoryboardName = LaunchScreen;
				INFOPLIST_KEY_UIMainStoryboardFile = Main;
				INFOPLIST_KEY_UISupportedInterfaceOrientations = UIInterfaceOrientationPortrait;
				INFOPLIST_KEY_UISupportedInterfaceOrientations_iPad = "UIInterfaceOrientationPortrait UIInterfaceOrientationPortraitUpsideDown UIInterfaceOrientationLandscapeLeft UIInterfaceOrientationLandscapeRight";
				INFOPLIST_KEY_UISupportedInterfaceOrientations_iPhone = "UIInterfaceOrientationPortrait UIInterfaceOrientationLandscapeLeft UIInterfaceOrientationLandscapeRight";
				LD_RUNPATH_SEARCH_PATHS = (
					"$(inherited)",
					"@executable_path/Frameworks",
				);
				MARKETING_VERSION = 1.0;
				PRODUCT_BUNDLE_IDENTIFIER = Education.SwitchAnimate;
				PRODUCT_NAME = "$(TARGET_NAME)";
				SWIFT_EMIT_LOC_STRINGS = YES;
				SWIFT_VERSION = 5.0;
				TARGETED_DEVICE_FAMILY = 1;
			};
			name = Release;
		};
/* End XCBuildConfiguration section */

/* Begin XCConfigurationList section */
		954DD44327FC821000225888 /* Build configuration list for PBXProject "SwitchAnimate" */ = {
			isa = XCConfigurationList;
			buildConfigurations = (
				954DD45A27FC821100225888 /* Debug */,
				954DD45B27FC821100225888 /* Release */,
			);
			defaultConfigurationIsVisible = 0;
			defaultConfigurationName = Release;
		};
		954DD45C27FC821100225888 /* Build configuration list for PBXNativeTarget "SwitchAnimate" */ = {
			isa = XCConfigurationList;
			buildConfigurations = (
				954DD45D27FC821100225888 /* Debug */,
				954DD45E27FC821100225888 /* Release */,
			);
			defaultConfigurationIsVisible = 0;
			defaultConfigurationName = Release;
		};
/* End XCConfigurationList section */
	};
	rootObject = 954DD44027FC821000225888 /* Project object */;
}
